// !$*UTF8*$!
{
	archiveVersion = 1;
	classes = {
	};
	objectVersion = 46;
	objects = {

/* Begin PBXBuildFile section */
		500925C21A91EE09007BE727 /* CreateBox.swift in Sources */ = {isa = PBXBuildFile; fileRef = 500925C11A91EE09007BE727 /* CreateBox.swift */; };
		500925C61A91FDA1007BE727 /* BoxCreationWindowController.swift in Sources */ = {isa = PBXBuildFile; fileRef = 500925C41A91FDA1007BE727 /* BoxCreationWindowController.swift */; };
		500925C71A91FDA1007BE727 /* BoxCreationWindowController.xib in Resources */ = {isa = PBXBuildFile; fileRef = 500925C51A91FDA1007BE727 /* BoxCreationWindowController.xib */; };
		5019FE7F1A8A1463007D5A09 /* AppDelegate.swift in Sources */ = {isa = PBXBuildFile; fileRef = 5019FE7E1A8A1463007D5A09 /* AppDelegate.swift */; };
		5019FE811A8A1463007D5A09 /* Images.xcassets in Resources */ = {isa = PBXBuildFile; fileRef = 5019FE801A8A1463007D5A09 /* Images.xcassets */; };
		5019FE841A8A1463007D5A09 /* MainMenu.xib in Resources */ = {isa = PBXBuildFile; fileRef = 5019FE821A8A1463007D5A09 /* MainMenu.xib */; };
		5019FE901A8A1463007D5A09 /* RelocationManagerHelperTests.swift in Sources */ = {isa = PBXBuildFile; fileRef = 5019FE8F1A8A1463007D5A09 /* RelocationManagerHelperTests.swift */; };
		5019FE991A8A1744007D5A09 /* BoxManagementWindowController.swift in Sources */ = {isa = PBXBuildFile; fileRef = 5019FE971A8A1744007D5A09 /* BoxManagementWindowController.swift */; };
		5019FE9A1A8A1744007D5A09 /* BoxManagementWindowController.xib in Resources */ = {isa = PBXBuildFile; fileRef = 5019FE981A8A1744007D5A09 /* BoxManagementWindowController.xib */; };
		5019FE9F1A8A1983007D5A09 /* ManageBoxesAndItems.swift in Sources */ = {isa = PBXBuildFile; fileRef = 5019FE9E1A8A1983007D5A09 /* ManageBoxesAndItems.swift */; };
		5019FEA21A8A1A1E007D5A09 /* BoxViewController.swift in Sources */ = {isa = PBXBuildFile; fileRef = 5019FEA11A8A1A1E007D5A09 /* BoxViewController.swift */; };
		5019FEA41A8CC97C007D5A09 /* ServiceCommunication.swift in Sources */ = {isa = PBXBuildFile; fileRef = 5019FEA31A8CC97C007D5A09 /* ServiceCommunication.swift */; };
		5019FEA51A8CC97C007D5A09 /* ServiceCommunication.swift in Sources */ = {isa = PBXBuildFile; fileRef = 5019FEA31A8CC97C007D5A09 /* ServiceCommunication.swift */; };
		5019FEA61A8CC97C007D5A09 /* ServiceCommunication.swift in Sources */ = {isa = PBXBuildFile; fileRef = 5019FEA31A8CC97C007D5A09 /* ServiceCommunication.swift */; };
		5019FEA91A8CCAE3007D5A09 /* Item.swift in Sources */ = {isa = PBXBuildFile; fileRef = 5019FEA71A8CCAE3007D5A09 /* Item.swift */; };
		5019FEAA1A8CCAE3007D5A09 /* Item.swift in Sources */ = {isa = PBXBuildFile; fileRef = 5019FEA71A8CCAE3007D5A09 /* Item.swift */; };
		5019FEAB1A8CCAE3007D5A09 /* Item.swift in Sources */ = {isa = PBXBuildFile; fileRef = 5019FEA71A8CCAE3007D5A09 /* Item.swift */; };
		5019FEAC1A8CCAE3007D5A09 /* Box.swift in Sources */ = {isa = PBXBuildFile; fileRef = 5019FEA81A8CCAE3007D5A09 /* Box.swift */; };
		5019FEAD1A8CCAE3007D5A09 /* Box.swift in Sources */ = {isa = PBXBuildFile; fileRef = 5019FEA81A8CCAE3007D5A09 /* Box.swift */; };
		5019FEAE1A8CCAE3007D5A09 /* Box.swift in Sources */ = {isa = PBXBuildFile; fileRef = 5019FEA81A8CCAE3007D5A09 /* Box.swift */; };
		5019FEB11A8CCAFC007D5A09 /* Identifiable.swift in Sources */ = {isa = PBXBuildFile; fileRef = 5019FEB01A8CCAFC007D5A09 /* Identifiable.swift */; };
		5019FEB21A8CCAFC007D5A09 /* Identifiable.swift in Sources */ = {isa = PBXBuildFile; fileRef = 5019FEB01A8CCAFC007D5A09 /* Identifiable.swift */; };
		5019FEB31A8CCAFC007D5A09 /* Identifiable.swift in Sources */ = {isa = PBXBuildFile; fileRef = 5019FEB01A8CCAFC007D5A09 /* Identifiable.swift */; };
		50208E691A9B2CBA00F39A88 /* CoreDataBoxRepositoryTests.swift in Sources */ = {isa = PBXBuildFile; fileRef = 5063CE1D1A9B244000F94449 /* CoreDataBoxRepositoryTests.swift */; };
		5062F8C11A9C9400005F45FB /* DistributeItemTests.swift in Sources */ = {isa = PBXBuildFile; fileRef = 5062F8C01A9C9400005F45FB /* DistributeItemTests.swift */; };
		5062F8C61A9C9589005F45FB /* DistributeItem.swift in Sources */ = {isa = PBXBuildFile; fileRef = 50D215C41A9B388500059B36 /* DistributeItem.swift */; };
		5063CE001A9B237900F94449 /* MainMenu.xib in Resources */ = {isa = PBXBuildFile; fileRef = 5063CDFF1A9B237900F94449 /* MainMenu.xib */; };
		5063CE071A9B23D000F94449 /* PersistentStack.swift in Sources */ = {isa = PBXBuildFile; fileRef = 5063CE021A9B23D000F94449 /* PersistentStack.swift */; };
		5063CE081A9B23D100F94449 /* ManagedEntity.swift in Sources */ = {isa = PBXBuildFile; fileRef = 5063CE031A9B23D000F94449 /* ManagedEntity.swift */; };
		5063CE091A9B23D100F94449 /* CoreDataBoxRepository.swift in Sources */ = {isa = PBXBuildFile; fileRef = 5063CE041A9B23D000F94449 /* CoreDataBoxRepository.swift */; };
		5063CE0A1A9B23D100F94449 /* ManagedBox.swift in Sources */ = {isa = PBXBuildFile; fileRef = 5063CE051A9B23D000F94449 /* ManagedBox.swift */; };
		5063CE0B1A9B23D100F94449 /* ManagedItem.swift in Sources */ = {isa = PBXBuildFile; fileRef = 5063CE061A9B23D000F94449 /* ManagedItem.swift */; };
		5063CE151A9B240400F94449 /* ProvisioningService.swift in Sources */ = {isa = PBXBuildFile; fileRef = 5063CE0F1A9B240400F94449 /* ProvisioningService.swift */; };
		5063CE161A9B240400F94449 /* DomainEventPublisher.swift in Sources */ = {isa = PBXBuildFile; fileRef = 5063CE101A9B240400F94449 /* DomainEventPublisher.swift */; };
		5063CE171A9B240400F94449 /* DomainEvents.swift in Sources */ = {isa = PBXBuildFile; fileRef = 5063CE111A9B240400F94449 /* DomainEvents.swift */; };
		5063CE181A9B240400F94449 /* Identifiable.swift in Sources */ = {isa = PBXBuildFile; fileRef = 5063CE121A9B240400F94449 /* Identifiable.swift */; };
		5063CE191A9B240400F94449 /* Item.swift in Sources */ = {isa = PBXBuildFile; fileRef = 5063CE131A9B240400F94449 /* Item.swift */; };
		5063CE1A1A9B240400F94449 /* Box.swift in Sources */ = {isa = PBXBuildFile; fileRef = 5063CE141A9B240400F94449 /* Box.swift */; };
		5063CE201A9B244000F94449 /* PersistentStackTests.swift in Sources */ = {isa = PBXBuildFile; fileRef = 5063CE1C1A9B244000F94449 /* PersistentStackTests.swift */; };
		5063CE221A9B244000F94449 /* ManagedBoxTests.swift in Sources */ = {isa = PBXBuildFile; fileRef = 5063CE1E1A9B244000F94449 /* ManagedBoxTests.swift */; };
		5063CE231A9B244000F94449 /* ProvisioningServiceTests.swift in Sources */ = {isa = PBXBuildFile; fileRef = 5063CE1F1A9B244000F94449 /* ProvisioningServiceTests.swift */; };
		5063CE251A9B250100F94449 /* RelocationManager.xcdatamodel in Sources */ = {isa = PBXBuildFile; fileRef = 5063CE241A9B250100F94449 /* RelocationManager.xcdatamodel */; };
		5063CE261A9B255E00F94449 /* Utilities.swift in Sources */ = {isa = PBXBuildFile; fileRef = 50FAC08A1A8DE975001A2EF1 /* Utilities.swift */; };
		5063CE281A9B260100F94449 /* TestDomainEventPublisher.swift in Sources */ = {isa = PBXBuildFile; fileRef = 5063CE271A9B260100F94449 /* TestDomainEventPublisher.swift */; };
		5063CE2A1A9B262E00F94449 /* CoreDataTestCase.swift in Sources */ = {isa = PBXBuildFile; fileRef = 5063CE291A9B262E00F94449 /* CoreDataTestCase.swift */; };
		507D52D21A6D0252008F44D1 /* AppDelegate.swift in Sources */ = {isa = PBXBuildFile; fileRef = 507D52D11A6D0252008F44D1 /* AppDelegate.swift */; };
		507D52D71A6D0252008F44D1 /* Images.xcassets in Resources */ = {isa = PBXBuildFile; fileRef = 507D52D61A6D0252008F44D1 /* Images.xcassets */; };
		507D52DA1A6D0252008F44D1 /* MainMenu.xib in Resources */ = {isa = PBXBuildFile; fileRef = 507D52D81A6D0252008F44D1 /* MainMenu.xib */; };
		509CD15C1A92012C00EDEABD /* BoxCreationWindowControllerTests.swift in Sources */ = {isa = PBXBuildFile; fileRef = 509CD15B1A92012C00EDEABD /* BoxCreationWindowControllerTests.swift */; };
		509CD15E1A9208E000EDEABD /* BoxOrder.swift in Sources */ = {isa = PBXBuildFile; fileRef = 509CD15D1A9208E000EDEABD /* BoxOrder.swift */; };
		509CD1601A9209D100EDEABD /* CreateBoxTests.swift in Sources */ = {isa = PBXBuildFile; fileRef = 509CD15F1A9209D100EDEABD /* CreateBoxTests.swift */; };
		50A4F6271A9CDA2300A32A5E /* ManageBoxesAndItems.swift in Sources */ = {isa = PBXBuildFile; fileRef = 50A4F6261A9CDA2300A32A5E /* ManageBoxesAndItems.swift */; };
		50A4F6281A9CDA2300A32A5E /* ManageBoxesAndItems.swift in Sources */ = {isa = PBXBuildFile; fileRef = 50A4F6261A9CDA2300A32A5E /* ManageBoxesAndItems.swift */; };
		50A4F6291A9CDA2F00A32A5E /* ServiceCommunication.swift in Sources */ = {isa = PBXBuildFile; fileRef = 5019FEA31A8CC97C007D5A09 /* ServiceCommunication.swift */; };
		50A4F62B1A9CDA6400A32A5E /* ServiceLocator.swift in Sources */ = {isa = PBXBuildFile; fileRef = 50A4F62A1A9CDA6400A32A5E /* ServiceLocator.swift */; };
		50A4F62C1A9CDA6400A32A5E /* ServiceLocator.swift in Sources */ = {isa = PBXBuildFile; fileRef = 50A4F62A1A9CDA6400A32A5E /* ServiceLocator.swift */; };
		50ABEA641A92185E00E573E5 /* TestHelpers.swift in Sources */ = {isa = PBXBuildFile; fileRef = 50ABEA631A92185E00E573E5 /* TestHelpers.swift */; };
		50ABEA8F1A9B21E600E573E5 /* AppDelegate.swift in Sources */ = {isa = PBXBuildFile; fileRef = 50ABEA8E1A9B21E600E573E5 /* AppDelegate.swift */; };
		50CA19A41AA5BE07006C254E /* ManageBoxesAndItemsTests.swift in Sources */ = {isa = PBXBuildFile; fileRef = 50CA19A31AA5BE07006C254E /* ManageBoxesAndItemsTests.swift */; };
		50D215C71A9B479300059B36 /* BoxTests.swift in Sources */ = {isa = PBXBuildFile; fileRef = 50D215C61A9B479300059B36 /* BoxTests.swift */; };
		50E7A1691A6E5D99008E5174 /* FRMDA3XRGC.de.christiantietze.relocman.Service.app in CopyFiles */ = {isa = PBXBuildFile; fileRef = 507D52F31A6D02C2008F44D1 /* FRMDA3XRGC.de.christiantietze.relocman.Service.app */; settings = {ATTRIBUTES = (RemoveHeadersOnCopy, ); }; };
		50F98BD21A714C1800426FD8 /* main.swift in Sources */ = {isa = PBXBuildFile; fileRef = 50F98BD11A714C1800426FD8 /* main.swift */; };
		50FAC0831A8DE579001A2EF1 /* BoxViewControllerTests.swift in Sources */ = {isa = PBXBuildFile; fileRef = 50FAC0821A8DE579001A2EF1 /* BoxViewControllerTests.swift */; };
		50FAC0851A8DE672001A2EF1 /* NonNilStringValueTransformer.swift in Sources */ = {isa = PBXBuildFile; fileRef = 50FAC0841A8DE672001A2EF1 /* NonNilStringValueTransformer.swift */; };
		50FAC0871A8DE872001A2EF1 /* XCTestCase+CocoaBindings.swift in Sources */ = {isa = PBXBuildFile; fileRef = 50FAC0861A8DE872001A2EF1 /* XCTestCase+CocoaBindings.swift */; };
		50FAC0891A8DE944001A2EF1 /* BoxAndItemData.swift in Sources */ = {isa = PBXBuildFile; fileRef = 50FAC0881A8DE944001A2EF1 /* BoxAndItemData.swift */; };
		50FAC08B1A8DE976001A2EF1 /* Utilities.swift in Sources */ = {isa = PBXBuildFile; fileRef = 50FAC08A1A8DE975001A2EF1 /* Utilities.swift */; };
		50FAC08D1A8DF039001A2EF1 /* BoxAndItemTreeNodes.swift in Sources */ = {isa = PBXBuildFile; fileRef = 50FAC08C1A8DF039001A2EF1 /* BoxAndItemTreeNodes.swift */; };
		50FAC08F1A8DF34B001A2EF1 /* DisplayBoxesAndItems.swift in Sources */ = {isa = PBXBuildFile; fileRef = 50FAC08E1A8DF34B001A2EF1 /* DisplayBoxesAndItems.swift */; };
/* End PBXBuildFile section */

/* Begin PBXContainerItemProxy section */
		5019FE8A1A8A1463007D5A09 /* PBXContainerItemProxy */ = {
			isa = PBXContainerItemProxy;
			containerPortal = 507D52C41A6D0252008F44D1 /* Project object */;
			proxyType = 1;
			remoteGlobalIDString = 5019FE791A8A1463007D5A09;
			remoteInfo = RelocationManagerHelper;
		};
		507D52E01A6D0252008F44D1 /* PBXContainerItemProxy */ = {
			isa = PBXContainerItemProxy;
			containerPortal = 507D52C41A6D0252008F44D1 /* Project object */;
			proxyType = 1;
			remoteGlobalIDString = 507D52CB1A6D0252008F44D1;
			remoteInfo = MultiProcCounter;
		};
		507D52FD1A6D02C2008F44D1 /* PBXContainerItemProxy */ = {
			isa = PBXContainerItemProxy;
			containerPortal = 507D52C41A6D0252008F44D1 /* Project object */;
			proxyType = 1;
			remoteGlobalIDString = 507D52F21A6D02C2008F44D1;
			remoteInfo = MultiProcCounterHelper;
		};
		50ABEA9A1A9B21E600E573E5 /* PBXContainerItemProxy */ = {
			isa = PBXContainerItemProxy;
			containerPortal = 507D52C41A6D0252008F44D1 /* Project object */;
			proxyType = 1;
			remoteGlobalIDString = 50ABEA891A9B21E600E573E5;
			remoteInfo = RelocationManagerServiceDomain;
		};
/* End PBXContainerItemProxy section */

/* Begin PBXCopyFilesBuildPhase section */
		50E7A1681A6E5D91008E5174 /* CopyFiles */ = {
			isa = PBXCopyFilesBuildPhase;
			buildActionMask = 2147483647;
			dstPath = Contents/Library/LoginItems;
			dstSubfolderSpec = 1;
			files = (
				50E7A1691A6E5D99008E5174 /* FRMDA3XRGC.de.christiantietze.relocman.Service.app in CopyFiles */,
			);
			runOnlyForDeploymentPostprocessing = 0;
		};
/* End PBXCopyFilesBuildPhase section */

/* Begin PBXFileReference section */
		500925C11A91EE09007BE727 /* CreateBox.swift */ = {isa = PBXFileReference; fileEncoding = 4; lastKnownFileType = sourcecode.swift; path = CreateBox.swift; sourceTree = "<group>"; };
		500925C41A91FDA1007BE727 /* BoxCreationWindowController.swift */ = {isa = PBXFileReference; fileEncoding = 4; lastKnownFileType = sourcecode.swift; path = BoxCreationWindowController.swift; sourceTree = "<group>"; };
		500925C51A91FDA1007BE727 /* BoxCreationWindowController.xib */ = {isa = PBXFileReference; fileEncoding = 4; lastKnownFileType = file.xib; path = BoxCreationWindowController.xib; sourceTree = "<group>"; };
		5019FE7A1A8A1463007D5A09 /* RelocationManagerHelper.app */ = {isa = PBXFileReference; explicitFileType = wrapper.application; includeInIndex = 0; path = RelocationManagerHelper.app; sourceTree = BUILT_PRODUCTS_DIR; };
		5019FE7D1A8A1463007D5A09 /* Info.plist */ = {isa = PBXFileReference; lastKnownFileType = text.plist.xml; path = Info.plist; sourceTree = "<group>"; };
		5019FE7E1A8A1463007D5A09 /* AppDelegate.swift */ = {isa = PBXFileReference; lastKnownFileType = sourcecode.swift; path = AppDelegate.swift; sourceTree = "<group>"; };
		5019FE801A8A1463007D5A09 /* Images.xcassets */ = {isa = PBXFileReference; lastKnownFileType = folder.assetcatalog; path = Images.xcassets; sourceTree = "<group>"; };
		5019FE831A8A1463007D5A09 /* Base */ = {isa = PBXFileReference; lastKnownFileType = file.xib; name = Base; path = Base.lproj/MainMenu.xib; sourceTree = "<group>"; };
		5019FE891A8A1463007D5A09 /* RelocationManagerHelperTests.xctest */ = {isa = PBXFileReference; explicitFileType = wrapper.cfbundle; includeInIndex = 0; path = RelocationManagerHelperTests.xctest; sourceTree = BUILT_PRODUCTS_DIR; };
		5019FE8E1A8A1463007D5A09 /* Info.plist */ = {isa = PBXFileReference; lastKnownFileType = text.plist.xml; path = Info.plist; sourceTree = "<group>"; };
		5019FE8F1A8A1463007D5A09 /* RelocationManagerHelperTests.swift */ = {isa = PBXFileReference; lastKnownFileType = sourcecode.swift; path = RelocationManagerHelperTests.swift; sourceTree = "<group>"; };
		5019FE971A8A1744007D5A09 /* BoxManagementWindowController.swift */ = {isa = PBXFileReference; fileEncoding = 4; lastKnownFileType = sourcecode.swift; path = BoxManagementWindowController.swift; sourceTree = "<group>"; };
		5019FE981A8A1744007D5A09 /* BoxManagementWindowController.xib */ = {isa = PBXFileReference; fileEncoding = 4; lastKnownFileType = file.xib; path = BoxManagementWindowController.xib; sourceTree = "<group>"; };
		5019FE9E1A8A1983007D5A09 /* ManageBoxesAndItems.swift */ = {isa = PBXFileReference; fileEncoding = 4; lastKnownFileType = sourcecode.swift; path = ManageBoxesAndItems.swift; sourceTree = "<group>"; };
		5019FEA11A8A1A1E007D5A09 /* BoxViewController.swift */ = {isa = PBXFileReference; fileEncoding = 4; lastKnownFileType = sourcecode.swift; path = BoxViewController.swift; sourceTree = "<group>"; };
		5019FEA31A8CC97C007D5A09 /* ServiceCommunication.swift */ = {isa = PBXFileReference; fileEncoding = 4; lastKnownFileType = sourcecode.swift; path = ServiceCommunication.swift; sourceTree = "<group>"; };
		5019FEA71A8CCAE3007D5A09 /* Item.swift */ = {isa = PBXFileReference; fileEncoding = 4; lastKnownFileType = sourcecode.swift; path = Item.swift; sourceTree = "<group>"; };
		5019FEA81A8CCAE3007D5A09 /* Box.swift */ = {isa = PBXFileReference; fileEncoding = 4; lastKnownFileType = sourcecode.swift; path = Box.swift; sourceTree = "<group>"; };
		5019FEB01A8CCAFC007D5A09 /* Identifiable.swift */ = {isa = PBXFileReference; fileEncoding = 4; lastKnownFileType = sourcecode.swift; path = Identifiable.swift; sourceTree = "<group>"; };
		5062F8C01A9C9400005F45FB /* DistributeItemTests.swift */ = {isa = PBXFileReference; fileEncoding = 4; lastKnownFileType = sourcecode.swift; path = DistributeItemTests.swift; sourceTree = "<group>"; };
		5063CDFF1A9B237900F94449 /* MainMenu.xib */ = {isa = PBXFileReference; fileEncoding = 4; lastKnownFileType = file.xib; path = MainMenu.xib; sourceTree = "<group>"; };
		5063CE021A9B23D000F94449 /* PersistentStack.swift */ = {isa = PBXFileReference; fileEncoding = 4; lastKnownFileType = sourcecode.swift; path = PersistentStack.swift; sourceTree = "<group>"; };
		5063CE031A9B23D000F94449 /* ManagedEntity.swift */ = {isa = PBXFileReference; fileEncoding = 4; lastKnownFileType = sourcecode.swift; path = ManagedEntity.swift; sourceTree = "<group>"; };
		5063CE041A9B23D000F94449 /* CoreDataBoxRepository.swift */ = {isa = PBXFileReference; fileEncoding = 4; lastKnownFileType = sourcecode.swift; path = CoreDataBoxRepository.swift; sourceTree = "<group>"; };
		5063CE051A9B23D000F94449 /* ManagedBox.swift */ = {isa = PBXFileReference; fileEncoding = 4; lastKnownFileType = sourcecode.swift; path = ManagedBox.swift; sourceTree = "<group>"; };
		5063CE061A9B23D000F94449 /* ManagedItem.swift */ = {isa = PBXFileReference; fileEncoding = 4; lastKnownFileType = sourcecode.swift; path = ManagedItem.swift; sourceTree = "<group>"; };
		5063CE0F1A9B240400F94449 /* ProvisioningService.swift */ = {isa = PBXFileReference; fileEncoding = 4; lastKnownFileType = sourcecode.swift; path = ProvisioningService.swift; sourceTree = "<group>"; };
		5063CE101A9B240400F94449 /* DomainEventPublisher.swift */ = {isa = PBXFileReference; fileEncoding = 4; lastKnownFileType = sourcecode.swift; path = DomainEventPublisher.swift; sourceTree = "<group>"; };
		5063CE111A9B240400F94449 /* DomainEvents.swift */ = {isa = PBXFileReference; fileEncoding = 4; lastKnownFileType = sourcecode.swift; path = DomainEvents.swift; sourceTree = "<group>"; };
		5063CE121A9B240400F94449 /* Identifiable.swift */ = {isa = PBXFileReference; fileEncoding = 4; lastKnownFileType = sourcecode.swift; path = Identifiable.swift; sourceTree = "<group>"; };
		5063CE131A9B240400F94449 /* Item.swift */ = {isa = PBXFileReference; fileEncoding = 4; lastKnownFileType = sourcecode.swift; path = Item.swift; sourceTree = "<group>"; };
		5063CE141A9B240400F94449 /* Box.swift */ = {isa = PBXFileReference; fileEncoding = 4; lastKnownFileType = sourcecode.swift; path = Box.swift; sourceTree = "<group>"; };
		5063CE1C1A9B244000F94449 /* PersistentStackTests.swift */ = {isa = PBXFileReference; fileEncoding = 4; lastKnownFileType = sourcecode.swift; path = PersistentStackTests.swift; sourceTree = "<group>"; };
		5063CE1D1A9B244000F94449 /* CoreDataBoxRepositoryTests.swift */ = {isa = PBXFileReference; fileEncoding = 4; lastKnownFileType = sourcecode.swift; path = CoreDataBoxRepositoryTests.swift; sourceTree = "<group>"; };
		5063CE1E1A9B244000F94449 /* ManagedBoxTests.swift */ = {isa = PBXFileReference; fileEncoding = 4; lastKnownFileType = sourcecode.swift; path = ManagedBoxTests.swift; sourceTree = "<group>"; };
		5063CE1F1A9B244000F94449 /* ProvisioningServiceTests.swift */ = {isa = PBXFileReference; fileEncoding = 4; lastKnownFileType = sourcecode.swift; path = ProvisioningServiceTests.swift; sourceTree = "<group>"; };
		5063CE241A9B250100F94449 /* RelocationManager.xcdatamodel */ = {isa = PBXFileReference; lastKnownFileType = wrapper.xcdatamodel; path = RelocationManager.xcdatamodel; sourceTree = "<group>"; };
		5063CE271A9B260100F94449 /* TestDomainEventPublisher.swift */ = {isa = PBXFileReference; fileEncoding = 4; lastKnownFileType = sourcecode.swift; path = TestDomainEventPublisher.swift; sourceTree = "<group>"; };
		5063CE291A9B262E00F94449 /* CoreDataTestCase.swift */ = {isa = PBXFileReference; fileEncoding = 4; lastKnownFileType = sourcecode.swift; path = CoreDataTestCase.swift; sourceTree = "<group>"; };
		507D52CC1A6D0252008F44D1 /* RelocationManager.app */ = {isa = PBXFileReference; explicitFileType = wrapper.application; includeInIndex = 0; path = RelocationManager.app; sourceTree = BUILT_PRODUCTS_DIR; };
		507D52D01A6D0252008F44D1 /* Info.plist */ = {isa = PBXFileReference; lastKnownFileType = text.plist.xml; path = Info.plist; sourceTree = "<group>"; };
		507D52D11A6D0252008F44D1 /* AppDelegate.swift */ = {isa = PBXFileReference; lastKnownFileType = sourcecode.swift; path = AppDelegate.swift; sourceTree = "<group>"; };
		507D52D61A6D0252008F44D1 /* Images.xcassets */ = {isa = PBXFileReference; lastKnownFileType = folder.assetcatalog; path = Images.xcassets; sourceTree = "<group>"; };
		507D52D91A6D0252008F44D1 /* Base */ = {isa = PBXFileReference; lastKnownFileType = file.xib; name = Base; path = Base.lproj/MainMenu.xib; sourceTree = "<group>"; };
		507D52DF1A6D0252008F44D1 /* RelocationManagerTests.xctest */ = {isa = PBXFileReference; explicitFileType = wrapper.cfbundle; includeInIndex = 0; path = RelocationManagerTests.xctest; sourceTree = BUILT_PRODUCTS_DIR; };
		507D52E41A6D0252008F44D1 /* Info.plist */ = {isa = PBXFileReference; lastKnownFileType = text.plist.xml; path = Info.plist; sourceTree = "<group>"; };
		507D52F31A6D02C2008F44D1 /* FRMDA3XRGC.de.christiantietze.relocman.Service.app */ = {isa = PBXFileReference; explicitFileType = "wrapper.xpc-service"; includeInIndex = 0; path = FRMDA3XRGC.de.christiantietze.relocman.Service.app; sourceTree = BUILT_PRODUCTS_DIR; };
		507D52F61A6D02C2008F44D1 /* Info.plist */ = {isa = PBXFileReference; lastKnownFileType = text.plist.xml; path = Info.plist; sourceTree = "<group>"; };
		507D53041A6D02F9008F44D1 /* RelocationManager.entitlements */ = {isa = PBXFileReference; lastKnownFileType = text.xml; path = RelocationManager.entitlements; sourceTree = "<group>"; };
		507D53051A6D031C008F44D1 /* RelocationManagerService.entitlements */ = {isa = PBXFileReference; lastKnownFileType = text.xml; path = RelocationManagerService.entitlements; sourceTree = "<group>"; };
		509CD15B1A92012C00EDEABD /* BoxCreationWindowControllerTests.swift */ = {isa = PBXFileReference; fileEncoding = 4; lastKnownFileType = sourcecode.swift; path = BoxCreationWindowControllerTests.swift; sourceTree = "<group>"; };
		509CD15D1A9208E000EDEABD /* BoxOrder.swift */ = {isa = PBXFileReference; fileEncoding = 4; lastKnownFileType = sourcecode.swift; path = BoxOrder.swift; sourceTree = "<group>"; };
		509CD15F1A9209D100EDEABD /* CreateBoxTests.swift */ = {isa = PBXFileReference; fileEncoding = 4; lastKnownFileType = sourcecode.swift; path = CreateBoxTests.swift; sourceTree = "<group>"; };
		50A4F6261A9CDA2300A32A5E /* ManageBoxesAndItems.swift */ = {isa = PBXFileReference; fileEncoding = 4; lastKnownFileType = sourcecode.swift; path = ManageBoxesAndItems.swift; sourceTree = "<group>"; };
		50A4F62A1A9CDA6400A32A5E /* ServiceLocator.swift */ = {isa = PBXFileReference; fileEncoding = 4; lastKnownFileType = sourcecode.swift; path = ServiceLocator.swift; sourceTree = "<group>"; };
		50ABEA631A92185E00E573E5 /* TestHelpers.swift */ = {isa = PBXFileReference; fileEncoding = 4; lastKnownFileType = sourcecode.swift; path = TestHelpers.swift; sourceTree = "<group>"; };
		50ABEA8A1A9B21E600E573E5 /* RelocationManagerServiceDomain.app */ = {isa = PBXFileReference; explicitFileType = wrapper.application; includeInIndex = 0; path = RelocationManagerServiceDomain.app; sourceTree = BUILT_PRODUCTS_DIR; };
		50ABEA8D1A9B21E600E573E5 /* Info.plist */ = {isa = PBXFileReference; lastKnownFileType = text.plist.xml; path = Info.plist; sourceTree = "<group>"; };
		50ABEA8E1A9B21E600E573E5 /* AppDelegate.swift */ = {isa = PBXFileReference; lastKnownFileType = sourcecode.swift; path = AppDelegate.swift; sourceTree = "<group>"; };
		50ABEA991A9B21E600E573E5 /* RelocationManagerServiceDomainTests.xctest */ = {isa = PBXFileReference; explicitFileType = wrapper.cfbundle; includeInIndex = 0; path = RelocationManagerServiceDomainTests.xctest; sourceTree = BUILT_PRODUCTS_DIR; };
		50ABEA9E1A9B21E600E573E5 /* Info.plist */ = {isa = PBXFileReference; lastKnownFileType = text.plist.xml; path = Info.plist; sourceTree = "<group>"; };
		50CA19A31AA5BE07006C254E /* ManageBoxesAndItemsTests.swift */ = {isa = PBXFileReference; fileEncoding = 4; lastKnownFileType = sourcecode.swift; path = ManageBoxesAndItemsTests.swift; sourceTree = "<group>"; };
		50D215C41A9B388500059B36 /* DistributeItem.swift */ = {isa = PBXFileReference; fileEncoding = 4; lastKnownFileType = sourcecode.swift; path = DistributeItem.swift; sourceTree = "<group>"; };
		50D215C61A9B479300059B36 /* BoxTests.swift */ = {isa = PBXFileReference; fileEncoding = 4; lastKnownFileType = sourcecode.swift; path = BoxTests.swift; sourceTree = "<group>"; };
		50F98BD11A714C1800426FD8 /* main.swift */ = {isa = PBXFileReference; fileEncoding = 4; lastKnownFileType = sourcecode.swift; path = main.swift; sourceTree = "<group>"; };
		50FAC0811A8DE578001A2EF1 /* RelocationManagerTests-Bridging-Header.h */ = {isa = PBXFileReference; lastKnownFileType = sourcecode.c.h; path = "RelocationManagerTests-Bridging-Header.h"; sourceTree = "<group>"; };
		50FAC0821A8DE579001A2EF1 /* BoxViewControllerTests.swift */ = {isa = PBXFileReference; fileEncoding = 4; lastKnownFileType = sourcecode.swift; path = BoxViewControllerTests.swift; sourceTree = "<group>"; };
		50FAC0841A8DE672001A2EF1 /* NonNilStringValueTransformer.swift */ = {isa = PBXFileReference; fileEncoding = 4; lastKnownFileType = sourcecode.swift; path = NonNilStringValueTransformer.swift; sourceTree = "<group>"; };
		50FAC0861A8DE872001A2EF1 /* XCTestCase+CocoaBindings.swift */ = {isa = PBXFileReference; fileEncoding = 4; lastKnownFileType = sourcecode.swift; path = "XCTestCase+CocoaBindings.swift"; sourceTree = "<group>"; };
		50FAC0881A8DE944001A2EF1 /* BoxAndItemData.swift */ = {isa = PBXFileReference; fileEncoding = 4; lastKnownFileType = sourcecode.swift; path = BoxAndItemData.swift; sourceTree = "<group>"; };
		50FAC08A1A8DE975001A2EF1 /* Utilities.swift */ = {isa = PBXFileReference; fileEncoding = 4; lastKnownFileType = sourcecode.swift; name = Utilities.swift; path = ../RelocationManager/Utilities.swift; sourceTree = "<group>"; };
		50FAC08C1A8DF039001A2EF1 /* BoxAndItemTreeNodes.swift */ = {isa = PBXFileReference; fileEncoding = 4; lastKnownFileType = sourcecode.swift; path = BoxAndItemTreeNodes.swift; sourceTree = "<group>"; };
		50FAC08E1A8DF34B001A2EF1 /* DisplayBoxesAndItems.swift */ = {isa = PBXFileReference; fileEncoding = 4; lastKnownFileType = sourcecode.swift; path = DisplayBoxesAndItems.swift; sourceTree = "<group>"; };
/* End PBXFileReference section */

/* Begin PBXFrameworksBuildPhase section */
		5019FE771A8A1463007D5A09 /* Frameworks */ = {
			isa = PBXFrameworksBuildPhase;
			buildActionMask = 2147483647;
			files = (
			);
			runOnlyForDeploymentPostprocessing = 0;
		};
		5019FE861A8A1463007D5A09 /* Frameworks */ = {
			isa = PBXFrameworksBuildPhase;
			buildActionMask = 2147483647;
			files = (
			);
			runOnlyForDeploymentPostprocessing = 0;
		};
		507D52C91A6D0252008F44D1 /* Frameworks */ = {
			isa = PBXFrameworksBuildPhase;
			buildActionMask = 2147483647;
			files = (
			);
			runOnlyForDeploymentPostprocessing = 0;
		};
		507D52DC1A6D0252008F44D1 /* Frameworks */ = {
			isa = PBXFrameworksBuildPhase;
			buildActionMask = 2147483647;
			files = (
			);
			runOnlyForDeploymentPostprocessing = 0;
		};
		507D52F01A6D02C2008F44D1 /* Frameworks */ = {
			isa = PBXFrameworksBuildPhase;
			buildActionMask = 2147483647;
			files = (
			);
			runOnlyForDeploymentPostprocessing = 0;
		};
		50ABEA871A9B21E600E573E5 /* Frameworks */ = {
			isa = PBXFrameworksBuildPhase;
			buildActionMask = 2147483647;
			files = (
			);
			runOnlyForDeploymentPostprocessing = 0;
		};
		50ABEA961A9B21E600E573E5 /* Frameworks */ = {
			isa = PBXFrameworksBuildPhase;
			buildActionMask = 2147483647;
			files = (
			);
			runOnlyForDeploymentPostprocessing = 0;
		};
/* End PBXFrameworksBuildPhase section */

/* Begin PBXGroup section */
		500925C31A91FD78007BE727 /* Box Management */ = {
			isa = PBXGroup;
			children = (
				5019FE971A8A1744007D5A09 /* BoxManagementWindowController.swift */,
				5019FE981A8A1744007D5A09 /* BoxManagementWindowController.xib */,
				5019FEA11A8A1A1E007D5A09 /* BoxViewController.swift */,
				50FAC0841A8DE672001A2EF1 /* NonNilStringValueTransformer.swift */,
				50FAC08C1A8DF039001A2EF1 /* BoxAndItemTreeNodes.swift */,
				50FAC0881A8DE944001A2EF1 /* BoxAndItemData.swift */,
			);
			name = "Box Management";
			sourceTree = "<group>";
		};
		5015E4581A92130F00B16A39 /* New Box Dialog */ = {
			isa = PBXGroup;
			children = (
				500925C41A91FDA1007BE727 /* BoxCreationWindowController.swift */,
				500925C51A91FDA1007BE727 /* BoxCreationWindowController.xib */,
			);
			name = "New Box Dialog";
			sourceTree = "<group>";
		};
		5019FE7B1A8A1463007D5A09 /* Status Bar App */ = {
			isa = PBXGroup;
			children = (
				5019FE7E1A8A1463007D5A09 /* AppDelegate.swift */,
				5019FE801A8A1463007D5A09 /* Images.xcassets */,
				5019FE821A8A1463007D5A09 /* MainMenu.xib */,
				5019FE7C1A8A1463007D5A09 /* Supporting Files */,
			);
			name = "Status Bar App";
			path = RelocationManagerHelper;
			sourceTree = "<group>";
		};
		5019FE7C1A8A1463007D5A09 /* Supporting Files */ = {
			isa = PBXGroup;
			children = (
				5019FE7D1A8A1463007D5A09 /* Info.plist */,
			);
			name = "Supporting Files";
			sourceTree = "<group>";
		};
		5019FE8C1A8A1463007D5A09 /* Status Bar App Tests */ = {
			isa = PBXGroup;
			children = (
				5019FE8F1A8A1463007D5A09 /* RelocationManagerHelperTests.swift */,
				5019FE8D1A8A1463007D5A09 /* Supporting Files */,
			);
			name = "Status Bar App Tests";
			path = RelocationManagerHelperTests;
			sourceTree = "<group>";
		};
		5019FE8D1A8A1463007D5A09 /* Supporting Files */ = {
			isa = PBXGroup;
			children = (
				5019FE8E1A8A1463007D5A09 /* Info.plist */,
			);
			name = "Supporting Files";
			sourceTree = "<group>";
		};
		5019FE9B1A8A18B4007D5A09 /* User Interface */ = {
			isa = PBXGroup;
			children = (
				500925C31A91FD78007BE727 /* Box Management */,
				5015E4581A92130F00B16A39 /* New Box Dialog */,
			);
			name = "User Interface";
			sourceTree = "<group>";
		};
		5019FE9C1A8A18BD007D5A09 /* Resources */ = {
			isa = PBXGroup;
			children = (
				507D53041A6D02F9008F44D1 /* RelocationManager.entitlements */,
				507D52D61A6D0252008F44D1 /* Images.xcassets */,
				507D52D81A6D0252008F44D1 /* MainMenu.xib */,
			);
			name = Resources;
			sourceTree = "<group>";
		};
		5019FE9D1A8A18E2007D5A09 /* Infrastructure */ = {
			isa = PBXGroup;
			children = (
				507D52D11A6D0252008F44D1 /* AppDelegate.swift */,
			);
			name = Infrastructure;
			sourceTree = "<group>";
		};
		5019FEA01A8A1987007D5A09 /* Application */ = {
			isa = PBXGroup;
			children = (
				5019FE9E1A8A1983007D5A09 /* ManageBoxesAndItems.swift */,
				50FAC08E1A8DF34B001A2EF1 /* DisplayBoxesAndItems.swift */,
				500925C11A91EE09007BE727 /* CreateBox.swift */,
				509CD15D1A9208E000EDEABD /* BoxOrder.swift */,
			);
			name = Application;
			sourceTree = "<group>";
		};
		5019FEAF1A8CCAF1007D5A09 /* Domain Model */ = {
			isa = PBXGroup;
			children = (
				5019FEB01A8CCAFC007D5A09 /* Identifiable.swift */,
				5019FEA71A8CCAE3007D5A09 /* Item.swift */,
				5019FEA81A8CCAE3007D5A09 /* Box.swift */,
			);
			name = "Domain Model";
			sourceTree = "<group>";
		};
		5050E7561A715B20009BE1C4 /* Shared Sources */ = {
			isa = PBXGroup;
			children = (
				5019FEAF1A8CCAF1007D5A09 /* Domain Model */,
				5019FEA31A8CC97C007D5A09 /* ServiceCommunication.swift */,
				50FAC08A1A8DE975001A2EF1 /* Utilities.swift */,
			);
			name = "Shared Sources";
			path = SharedSources;
			sourceTree = "<group>";
		};
		5062F8C21A9C941F005F45FB /* Application */ = {
			isa = PBXGroup;
			children = (
				50A4F6261A9CDA2300A32A5E /* ManageBoxesAndItems.swift */,
			);
			name = Application;
			sourceTree = "<group>";
		};
		5062F8C31A9C943A005F45FB /* Infrastructure */ = {
			isa = PBXGroup;
			children = (
				5063CE1C1A9B244000F94449 /* PersistentStackTests.swift */,
				5063CE1D1A9B244000F94449 /* CoreDataBoxRepositoryTests.swift */,
				5063CE1E1A9B244000F94449 /* ManagedBoxTests.swift */,
			);
			name = Infrastructure;
			sourceTree = "<group>";
		};
		5062F8C41A9C9442005F45FB /* Domain */ = {
			isa = PBXGroup;
			children = (
				50D215C61A9B479300059B36 /* BoxTests.swift */,
				5062F8C01A9C9400005F45FB /* DistributeItemTests.swift */,
				5063CE1F1A9B244000F94449 /* ProvisioningServiceTests.swift */,
			);
			name = Domain;
			sourceTree = "<group>";
		};
		5062F8C51A9C9447005F45FB /* Application */ = {
			isa = PBXGroup;
			children = (
				50CA19A31AA5BE07006C254E /* ManageBoxesAndItemsTests.swift */,
			);
			name = Application;
			sourceTree = "<group>";
		};
		5063CE011A9B239A00F94449 /* Cocoa Target Overhead */ = {
			isa = PBXGroup;
			children = (
				50ABEA8E1A9B21E600E573E5 /* AppDelegate.swift */,
				5063CDFF1A9B237900F94449 /* MainMenu.xib */,
				50ABEA8D1A9B21E600E573E5 /* Info.plist */,
			);
			name = "Cocoa Target Overhead";
			sourceTree = "<group>";
		};
		5063CE0C1A9B23D700F94449 /* Entities */ = {
			isa = PBXGroup;
			children = (
				5063CE031A9B23D000F94449 /* ManagedEntity.swift */,
				5063CE041A9B23D000F94449 /* CoreDataBoxRepository.swift */,
				5063CE051A9B23D000F94449 /* ManagedBox.swift */,
				5063CE061A9B23D000F94449 /* ManagedItem.swift */,
			);
			name = Entities;
			sourceTree = "<group>";
		};
		5063CE0D1A9B23E200F94449 /* Core Data */ = {
			isa = PBXGroup;
			children = (
				5063CE241A9B250100F94449 /* RelocationManager.xcdatamodel */,
				5063CE021A9B23D000F94449 /* PersistentStack.swift */,
			);
			name = "Core Data";
			sourceTree = "<group>";
		};
		5063CE0E1A9B23F400F94449 /* Infrastructure */ = {
			isa = PBXGroup;
			children = (
				50A4F62A1A9CDA6400A32A5E /* ServiceLocator.swift */,
				5063CE0D1A9B23E200F94449 /* Core Data */,
				5063CE0C1A9B23D700F94449 /* Entities */,
			);
			name = Infrastructure;
			sourceTree = "<group>";
		};
		5063CE1B1A9B240900F94449 /* Domain */ = {
			isa = PBXGroup;
			children = (
				50D215C41A9B388500059B36 /* DistributeItem.swift */,
				5063CE0F1A9B240400F94449 /* ProvisioningService.swift */,
				5063CE101A9B240400F94449 /* DomainEventPublisher.swift */,
				5063CE111A9B240400F94449 /* DomainEvents.swift */,
				5063CE121A9B240400F94449 /* Identifiable.swift */,
				5063CE131A9B240400F94449 /* Item.swift */,
				5063CE141A9B240400F94449 /* Box.swift */,
			);
			name = Domain;
			sourceTree = "<group>";
		};
		507D52C31A6D0252008F44D1 = {
			isa = PBXGroup;
			children = (
				5050E7561A715B20009BE1C4 /* Shared Sources */,
				507D52CE1A6D0252008F44D1 /* Main App */,
				507D52E21A6D0252008F44D1 /* Main App Tests */,
				5019FE7B1A8A1463007D5A09 /* Status Bar App */,
				5019FE8C1A8A1463007D5A09 /* Status Bar App Tests */,
				507D52F41A6D02C2008F44D1 /* XPC Service */,
				50ABEA8B1A9B21E600E573E5 /* XPC Service Core */,
				50ABEA9C1A9B21E600E573E5 /* XPC Service Core Tests */,
				507D52CD1A6D0252008F44D1 /* Products */,
			);
			sourceTree = "<group>";
		};
		507D52CD1A6D0252008F44D1 /* Products */ = {
			isa = PBXGroup;
			children = (
				507D52CC1A6D0252008F44D1 /* RelocationManager.app */,
				507D52DF1A6D0252008F44D1 /* RelocationManagerTests.xctest */,
				507D52F31A6D02C2008F44D1 /* FRMDA3XRGC.de.christiantietze.relocman.Service.app */,
				5019FE7A1A8A1463007D5A09 /* RelocationManagerHelper.app */,
				5019FE891A8A1463007D5A09 /* RelocationManagerHelperTests.xctest */,
				50ABEA8A1A9B21E600E573E5 /* RelocationManagerServiceDomain.app */,
				50ABEA991A9B21E600E573E5 /* RelocationManagerServiceDomainTests.xctest */,
			);
			name = Products;
			sourceTree = "<group>";
		};
		507D52CE1A6D0252008F44D1 /* Main App */ = {
			isa = PBXGroup;
			children = (
				5019FE9D1A8A18E2007D5A09 /* Infrastructure */,
				5019FEA01A8A1987007D5A09 /* Application */,
				5019FE9B1A8A18B4007D5A09 /* User Interface */,
				5019FE9C1A8A18BD007D5A09 /* Resources */,
				507D52CF1A6D0252008F44D1 /* Supporting Files */,
			);
			name = "Main App";
			path = RelocationManager;
			sourceTree = "<group>";
		};
		507D52CF1A6D0252008F44D1 /* Supporting Files */ = {
			isa = PBXGroup;
			children = (
				507D52D01A6D0252008F44D1 /* Info.plist */,
			);
			name = "Supporting Files";
			sourceTree = "<group>";
		};
		507D52E21A6D0252008F44D1 /* Main App Tests */ = {
			isa = PBXGroup;
			children = (
				507D52E31A6D0252008F44D1 /* Supporting Files */,
				50FAC0821A8DE579001A2EF1 /* BoxViewControllerTests.swift */,
				509CD15B1A92012C00EDEABD /* BoxCreationWindowControllerTests.swift */,
				509CD15F1A9209D100EDEABD /* CreateBoxTests.swift */,
				50FAC0811A8DE578001A2EF1 /* RelocationManagerTests-Bridging-Header.h */,
			);
			name = "Main App Tests";
			path = RelocationManagerTests;
			sourceTree = "<group>";
		};
		507D52E31A6D0252008F44D1 /* Supporting Files */ = {
			isa = PBXGroup;
			children = (
				50FAC0861A8DE872001A2EF1 /* XCTestCase+CocoaBindings.swift */,
				507D52E41A6D0252008F44D1 /* Info.plist */,
				50ABEA631A92185E00E573E5 /* TestHelpers.swift */,
			);
			name = "Supporting Files";
			sourceTree = "<group>";
		};
		507D52F41A6D02C2008F44D1 /* XPC Service */ = {
			isa = PBXGroup;
			children = (
				507D53051A6D031C008F44D1 /* RelocationManagerService.entitlements */,
				50F98BD11A714C1800426FD8 /* main.swift */,
				507D52F51A6D02C2008F44D1 /* Supporting Files */,
			);
			name = "XPC Service";
			path = RelocationManagerService;
			sourceTree = "<group>";
		};
		507D52F51A6D02C2008F44D1 /* Supporting Files */ = {
			isa = PBXGroup;
			children = (
				507D52F61A6D02C2008F44D1 /* Info.plist */,
			);
			name = "Supporting Files";
			sourceTree = "<group>";
		};
		50ABEA8B1A9B21E600E573E5 /* XPC Service Core */ = {
			isa = PBXGroup;
			children = (
				5063CE0E1A9B23F400F94449 /* Infrastructure */,
				5062F8C21A9C941F005F45FB /* Application */,
				5063CE1B1A9B240900F94449 /* Domain */,
				5063CE011A9B239A00F94449 /* Cocoa Target Overhead */,
			);
			name = "XPC Service Core";
			path = RelocationManagerServiceDomain;
			sourceTree = "<group>";
		};
		50ABEA9C1A9B21E600E573E5 /* XPC Service Core Tests */ = {
			isa = PBXGroup;
			children = (
				5062F8C31A9C943A005F45FB /* Infrastructure */,
				5062F8C51A9C9447005F45FB /* Application */,
				5062F8C41A9C9442005F45FB /* Domain */,
				50ABEA9D1A9B21E600E573E5 /* Supporting Files */,
			);
			name = "XPC Service Core Tests";
			path = RelocationManagerServiceDomainTests;
			sourceTree = "<group>";
		};
		50ABEA9D1A9B21E600E573E5 /* Supporting Files */ = {
			isa = PBXGroup;
			children = (
				5063CE291A9B262E00F94449 /* CoreDataTestCase.swift */,
				5063CE271A9B260100F94449 /* TestDomainEventPublisher.swift */,
				50ABEA9E1A9B21E600E573E5 /* Info.plist */,
			);
			name = "Supporting Files";
			sourceTree = "<group>";
		};
/* End PBXGroup section */

/* Begin PBXNativeTarget section */
		5019FE791A8A1463007D5A09 /* RelocationManagerHelper */ = {
			isa = PBXNativeTarget;
			buildConfigurationList = 5019FE951A8A1463007D5A09 /* Build configuration list for PBXNativeTarget "RelocationManagerHelper" */;
			buildPhases = (
				5019FE761A8A1463007D5A09 /* Sources */,
				5019FE771A8A1463007D5A09 /* Frameworks */,
				5019FE781A8A1463007D5A09 /* Resources */,
			);
			buildRules = (
			);
			dependencies = (
			);
			name = RelocationManagerHelper;
			productName = RelocationManagerHelper;
			productReference = 5019FE7A1A8A1463007D5A09 /* RelocationManagerHelper.app */;
			productType = "com.apple.product-type.application";
		};
		5019FE881A8A1463007D5A09 /* RelocationManagerHelperTests */ = {
			isa = PBXNativeTarget;
			buildConfigurationList = 5019FE961A8A1463007D5A09 /* Build configuration list for PBXNativeTarget "RelocationManagerHelperTests" */;
			buildPhases = (
				5019FE851A8A1463007D5A09 /* Sources */,
				5019FE861A8A1463007D5A09 /* Frameworks */,
				5019FE871A8A1463007D5A09 /* Resources */,
			);
			buildRules = (
			);
			dependencies = (
				5019FE8B1A8A1463007D5A09 /* PBXTargetDependency */,
			);
			name = RelocationManagerHelperTests;
			productName = RelocationManagerHelperTests;
			productReference = 5019FE891A8A1463007D5A09 /* RelocationManagerHelperTests.xctest */;
			productType = "com.apple.product-type.bundle.unit-test";
		};
		507D52CB1A6D0252008F44D1 /* RelocationManager */ = {
			isa = PBXNativeTarget;
			buildConfigurationList = 507D52E91A6D0252008F44D1 /* Build configuration list for PBXNativeTarget "RelocationManager" */;
			buildPhases = (
				507D52C81A6D0252008F44D1 /* Sources */,
				507D52C91A6D0252008F44D1 /* Frameworks */,
				507D52CA1A6D0252008F44D1 /* Resources */,
				50E7A1681A6E5D91008E5174 /* CopyFiles */,
			);
			buildRules = (
			);
			dependencies = (
				507D52FE1A6D02C2008F44D1 /* PBXTargetDependency */,
			);
			name = RelocationManager;
			productName = MultiProcCounter;
			productReference = 507D52CC1A6D0252008F44D1 /* RelocationManager.app */;
			productType = "com.apple.product-type.application";
		};
		507D52DE1A6D0252008F44D1 /* RelocationManagerTests */ = {
			isa = PBXNativeTarget;
			buildConfigurationList = 507D52EC1A6D0252008F44D1 /* Build configuration list for PBXNativeTarget "RelocationManagerTests" */;
			buildPhases = (
				507D52DB1A6D0252008F44D1 /* Sources */,
				507D52DC1A6D0252008F44D1 /* Frameworks */,
				507D52DD1A6D0252008F44D1 /* Resources */,
			);
			buildRules = (
			);
			dependencies = (
				507D52E11A6D0252008F44D1 /* PBXTargetDependency */,
			);
			name = RelocationManagerTests;
			productName = MultiProcCounterTests;
			productReference = 507D52DF1A6D0252008F44D1 /* RelocationManagerTests.xctest */;
			productType = "com.apple.product-type.bundle.unit-test";
		};
		507D52F21A6D02C2008F44D1 /* RelocationManagerService */ = {
			isa = PBXNativeTarget;
			buildConfigurationList = 507D53021A6D02C2008F44D1 /* Build configuration list for PBXNativeTarget "RelocationManagerService" */;
			buildPhases = (
				507D52EF1A6D02C2008F44D1 /* Sources */,
				507D52F01A6D02C2008F44D1 /* Frameworks */,
				507D52F11A6D02C2008F44D1 /* Resources */,
				50F98BCF1A71023C00426FD8 /* Remove old helper */,
			);
			buildRules = (
			);
			dependencies = (
			);
			name = RelocationManagerService;
			productName = MultiProcCounterHelper;
			productReference = 507D52F31A6D02C2008F44D1 /* FRMDA3XRGC.de.christiantietze.relocman.Service.app */;
			productType = "com.apple.product-type.xpc-service";
		};
		50ABEA891A9B21E600E573E5 /* RelocationManagerServiceDomain */ = {
			isa = PBXNativeTarget;
			buildConfigurationList = 50ABEAA11A9B21E600E573E5 /* Build configuration list for PBXNativeTarget "RelocationManagerServiceDomain" */;
			buildPhases = (
				50ABEA861A9B21E600E573E5 /* Sources */,
				50ABEA871A9B21E600E573E5 /* Frameworks */,
				50ABEA881A9B21E600E573E5 /* Resources */,
			);
			buildRules = (
			);
			dependencies = (
			);
			name = RelocationManagerServiceDomain;
			productName = RelocationManagerServiceDomain;
			productReference = 50ABEA8A1A9B21E600E573E5 /* RelocationManagerServiceDomain.app */;
			productType = "com.apple.product-type.application";
		};
		50ABEA981A9B21E600E573E5 /* RelocationManagerServiceDomainTests */ = {
			isa = PBXNativeTarget;
			buildConfigurationList = 50ABEAA41A9B21E600E573E5 /* Build configuration list for PBXNativeTarget "RelocationManagerServiceDomainTests" */;
			buildPhases = (
				50ABEA951A9B21E600E573E5 /* Sources */,
				50ABEA961A9B21E600E573E5 /* Frameworks */,
				50ABEA971A9B21E600E573E5 /* Resources */,
			);
			buildRules = (
			);
			dependencies = (
				50ABEA9B1A9B21E600E573E5 /* PBXTargetDependency */,
			);
			name = RelocationManagerServiceDomainTests;
			productName = RelocationManagerServiceDomainTests;
			productReference = 50ABEA991A9B21E600E573E5 /* RelocationManagerServiceDomainTests.xctest */;
			productType = "com.apple.product-type.bundle.unit-test";
		};
/* End PBXNativeTarget section */

/* Begin PBXProject section */
		507D52C41A6D0252008F44D1 /* Project object */ = {
			isa = PBXProject;
			attributes = {
				LastUpgradeCheck = 0610;
				ORGANIZATIONNAME = "Christian Tietze";
				TargetAttributes = {
					5019FE791A8A1463007D5A09 = {
						CreatedOnToolsVersion = 6.1.1;
					};
					5019FE881A8A1463007D5A09 = {
						CreatedOnToolsVersion = 6.1.1;
						TestTargetID = 5019FE791A8A1463007D5A09;
					};
					507D52CB1A6D0252008F44D1 = {
						CreatedOnToolsVersion = 6.1.1;
						DevelopmentTeam = FRMDA3XRGC;
						SystemCapabilities = {
							com.apple.ApplicationGroups.Mac = {
								enabled = 1;
							};
							com.apple.Sandbox = {
								enabled = 1;
							};
						};
					};
					507D52DE1A6D0252008F44D1 = {
						CreatedOnToolsVersion = 6.1.1;
						TestTargetID = 507D52CB1A6D0252008F44D1;
					};
					507D52F21A6D02C2008F44D1 = {
						CreatedOnToolsVersion = 6.1.1;
						DevelopmentTeam = FRMDA3XRGC;
						SystemCapabilities = {
							com.apple.ApplicationGroups.Mac = {
								enabled = 1;
							};
							com.apple.Sandbox = {
								enabled = 1;
							};
						};
					};
					50ABEA891A9B21E600E573E5 = {
						CreatedOnToolsVersion = 6.1.1;
					};
					50ABEA981A9B21E600E573E5 = {
						CreatedOnToolsVersion = 6.1.1;
						TestTargetID = 50ABEA891A9B21E600E573E5;
					};
				};
			};
			buildConfigurationList = 507D52C71A6D0252008F44D1 /* Build configuration list for PBXProject "RelocationManager" */;
			compatibilityVersion = "Xcode 3.2";
			developmentRegion = English;
			hasScannedForEncodings = 0;
			knownRegions = (
				en,
				Base,
			);
			mainGroup = 507D52C31A6D0252008F44D1;
			productRefGroup = 507D52CD1A6D0252008F44D1 /* Products */;
			projectDirPath = "";
			projectRoot = "";
			targets = (
				507D52CB1A6D0252008F44D1 /* RelocationManager */,
				507D52DE1A6D0252008F44D1 /* RelocationManagerTests */,
				5019FE791A8A1463007D5A09 /* RelocationManagerHelper */,
				5019FE881A8A1463007D5A09 /* RelocationManagerHelperTests */,
				507D52F21A6D02C2008F44D1 /* RelocationManagerService */,
				50ABEA891A9B21E600E573E5 /* RelocationManagerServiceDomain */,
				50ABEA981A9B21E600E573E5 /* RelocationManagerServiceDomainTests */,
			);
		};
/* End PBXProject section */

/* Begin PBXResourcesBuildPhase section */
		5019FE781A8A1463007D5A09 /* Resources */ = {
			isa = PBXResourcesBuildPhase;
			buildActionMask = 2147483647;
			files = (
				5019FE811A8A1463007D5A09 /* Images.xcassets in Resources */,
				5019FE841A8A1463007D5A09 /* MainMenu.xib in Resources */,
			);
			runOnlyForDeploymentPostprocessing = 0;
		};
		5019FE871A8A1463007D5A09 /* Resources */ = {
			isa = PBXResourcesBuildPhase;
			buildActionMask = 2147483647;
			files = (
			);
			runOnlyForDeploymentPostprocessing = 0;
		};
		507D52CA1A6D0252008F44D1 /* Resources */ = {
			isa = PBXResourcesBuildPhase;
			buildActionMask = 2147483647;
			files = (
				507D52D71A6D0252008F44D1 /* Images.xcassets in Resources */,
				5019FE9A1A8A1744007D5A09 /* BoxManagementWindowController.xib in Resources */,
				500925C71A91FDA1007BE727 /* BoxCreationWindowController.xib in Resources */,
				507D52DA1A6D0252008F44D1 /* MainMenu.xib in Resources */,
			);
			runOnlyForDeploymentPostprocessing = 0;
		};
		507D52DD1A6D0252008F44D1 /* Resources */ = {
			isa = PBXResourcesBuildPhase;
			buildActionMask = 2147483647;
			files = (
			);
			runOnlyForDeploymentPostprocessing = 0;
		};
		507D52F11A6D02C2008F44D1 /* Resources */ = {
			isa = PBXResourcesBuildPhase;
			buildActionMask = 2147483647;
			files = (
			);
			runOnlyForDeploymentPostprocessing = 0;
		};
		50ABEA881A9B21E600E573E5 /* Resources */ = {
			isa = PBXResourcesBuildPhase;
			buildActionMask = 2147483647;
			files = (
				5063CE001A9B237900F94449 /* MainMenu.xib in Resources */,
			);
			runOnlyForDeploymentPostprocessing = 0;
		};
		50ABEA971A9B21E600E573E5 /* Resources */ = {
			isa = PBXResourcesBuildPhase;
			buildActionMask = 2147483647;
			files = (
			);
			runOnlyForDeploymentPostprocessing = 0;
		};
/* End PBXResourcesBuildPhase section */

/* Begin PBXShellScriptBuildPhase section */
		50F98BCF1A71023C00426FD8 /* Remove old helper */ = {
			isa = PBXShellScriptBuildPhase;
			buildActionMask = 2147483647;
			files = (
			);
			inputPaths = (
			);
			name = "Remove old helper";
			outputPaths = (
			);
			runOnlyForDeploymentPostprocessing = 0;
			shellPath = /bin/sh;
			shellScript = "if launchctl list | grep de.christiantietze.relocman; then\n    echo \"Removing Helper…\"\n    launchctl remove FRMDA3XRGC.de.christiantietze.relocman.Service\nelse\n    echo \"No Helper was Running.\"\nfi";
		};
/* End PBXShellScriptBuildPhase section */

/* Begin PBXSourcesBuildPhase section */
		5019FE761A8A1463007D5A09 /* Sources */ = {
			isa = PBXSourcesBuildPhase;
			buildActionMask = 2147483647;
			files = (
				5019FEA61A8CC97C007D5A09 /* ServiceCommunication.swift in Sources */,
				5019FEAE1A8CCAE3007D5A09 /* Box.swift in Sources */,
				5019FEAB1A8CCAE3007D5A09 /* Item.swift in Sources */,
				5019FEB31A8CCAFC007D5A09 /* Identifiable.swift in Sources */,
				5019FE7F1A8A1463007D5A09 /* AppDelegate.swift in Sources */,
			);
			runOnlyForDeploymentPostprocessing = 0;
		};
		5019FE851A8A1463007D5A09 /* Sources */ = {
			isa = PBXSourcesBuildPhase;
			buildActionMask = 2147483647;
			files = (
				5019FE901A8A1463007D5A09 /* RelocationManagerHelperTests.swift in Sources */,
			);
			runOnlyForDeploymentPostprocessing = 0;
		};
		507D52C81A6D0252008F44D1 /* Sources */ = {
			isa = PBXSourcesBuildPhase;
			buildActionMask = 2147483647;
			files = (
				50FAC0851A8DE672001A2EF1 /* NonNilStringValueTransformer.swift in Sources */,
				5019FEA21A8A1A1E007D5A09 /* BoxViewController.swift in Sources */,
				50FAC08B1A8DE976001A2EF1 /* Utilities.swift in Sources */,
				500925C61A91FDA1007BE727 /* BoxCreationWindowController.swift in Sources */,
				5019FE991A8A1744007D5A09 /* BoxManagementWindowController.swift in Sources */,
				5019FEA41A8CC97C007D5A09 /* ServiceCommunication.swift in Sources */,
				5019FEB11A8CCAFC007D5A09 /* Identifiable.swift in Sources */,
				50FAC08F1A8DF34B001A2EF1 /* DisplayBoxesAndItems.swift in Sources */,
				5019FEA91A8CCAE3007D5A09 /* Item.swift in Sources */,
				50FAC0891A8DE944001A2EF1 /* BoxAndItemData.swift in Sources */,
				500925C21A91EE09007BE727 /* CreateBox.swift in Sources */,
				50FAC08D1A8DF039001A2EF1 /* BoxAndItemTreeNodes.swift in Sources */,
				5019FEAC1A8CCAE3007D5A09 /* Box.swift in Sources */,
				507D52D21A6D0252008F44D1 /* AppDelegate.swift in Sources */,
				509CD15E1A9208E000EDEABD /* BoxOrder.swift in Sources */,
				5019FE9F1A8A1983007D5A09 /* ManageBoxesAndItems.swift in Sources */,
			);
			runOnlyForDeploymentPostprocessing = 0;
		};
		507D52DB1A6D0252008F44D1 /* Sources */ = {
			isa = PBXSourcesBuildPhase;
			buildActionMask = 2147483647;
			files = (
				509CD15C1A92012C00EDEABD /* BoxCreationWindowControllerTests.swift in Sources */,
				50ABEA641A92185E00E573E5 /* TestHelpers.swift in Sources */,
				50FAC0871A8DE872001A2EF1 /* XCTestCase+CocoaBindings.swift in Sources */,
				50FAC0831A8DE579001A2EF1 /* BoxViewControllerTests.swift in Sources */,
				509CD1601A9209D100EDEABD /* CreateBoxTests.swift in Sources */,
			);
			runOnlyForDeploymentPostprocessing = 0;
		};
		507D52EF1A6D02C2008F44D1 /* Sources */ = {
			isa = PBXSourcesBuildPhase;
			buildActionMask = 2147483647;
			files = (
				5019FEAA1A8CCAE3007D5A09 /* Item.swift in Sources */,
				5019FEB21A8CCAFC007D5A09 /* Identifiable.swift in Sources */,
				50F98BD21A714C1800426FD8 /* main.swift in Sources */,
				5019FEA51A8CC97C007D5A09 /* ServiceCommunication.swift in Sources */,
				5019FEAD1A8CCAE3007D5A09 /* Box.swift in Sources */,
				50A4F6271A9CDA2300A32A5E /* ManageBoxesAndItems.swift in Sources */,
				50A4F62B1A9CDA6400A32A5E /* ServiceLocator.swift in Sources */,
			);
			runOnlyForDeploymentPostprocessing = 0;
		};
		50ABEA861A9B21E600E573E5 /* Sources */ = {
			isa = PBXSourcesBuildPhase;
			buildActionMask = 2147483647;
			files = (
				50A4F62C1A9CDA6400A32A5E /* ServiceLocator.swift in Sources */,
				5063CE0B1A9B23D100F94449 /* ManagedItem.swift in Sources */,
				5063CE171A9B240400F94449 /* DomainEvents.swift in Sources */,
				5063CE261A9B255E00F94449 /* Utilities.swift in Sources */,
				50A4F6281A9CDA2300A32A5E /* ManageBoxesAndItems.swift in Sources */,
				5063CE251A9B250100F94449 /* RelocationManager.xcdatamodel in Sources */,
				50ABEA8F1A9B21E600E573E5 /* AppDelegate.swift in Sources */,
				5063CE181A9B240400F94449 /* Identifiable.swift in Sources */,
				5063CE081A9B23D100F94449 /* ManagedEntity.swift in Sources */,
				5062F8C61A9C9589005F45FB /* DistributeItem.swift in Sources */,
				50A4F6291A9CDA2F00A32A5E /* ServiceCommunication.swift in Sources */,
				5063CE091A9B23D100F94449 /* CoreDataBoxRepository.swift in Sources */,
				5063CE191A9B240400F94449 /* Item.swift in Sources */,
				5063CE151A9B240400F94449 /* ProvisioningService.swift in Sources */,
				5063CE161A9B240400F94449 /* DomainEventPublisher.swift in Sources */,
				5063CE1A1A9B240400F94449 /* Box.swift in Sources */,
				5063CE071A9B23D000F94449 /* PersistentStack.swift in Sources */,
				5063CE0A1A9B23D100F94449 /* ManagedBox.swift in Sources */,
			);
			runOnlyForDeploymentPostprocessing = 0;
		};
		50ABEA951A9B21E600E573E5 /* Sources */ = {
			isa = PBXSourcesBuildPhase;
			buildActionMask = 2147483647;
			files = (
				5063CE231A9B244000F94449 /* ProvisioningServiceTests.swift in Sources */,
				5063CE221A9B244000F94449 /* ManagedBoxTests.swift in Sources */,
				5063CE201A9B244000F94449 /* PersistentStackTests.swift in Sources */,
				50CA19A41AA5BE07006C254E /* ManageBoxesAndItemsTests.swift in Sources */,
				5063CE2A1A9B262E00F94449 /* CoreDataTestCase.swift in Sources */,
				50D215C71A9B479300059B36 /* BoxTests.swift in Sources */,
				5062F8C11A9C9400005F45FB /* DistributeItemTests.swift in Sources */,
				50208E691A9B2CBA00F39A88 /* CoreDataBoxRepositoryTests.swift in Sources */,
				5063CE281A9B260100F94449 /* TestDomainEventPublisher.swift in Sources */,
			);
			runOnlyForDeploymentPostprocessing = 0;
		};
/* End PBXSourcesBuildPhase section */

/* Begin PBXTargetDependency section */
		5019FE8B1A8A1463007D5A09 /* PBXTargetDependency */ = {
			isa = PBXTargetDependency;
			target = 5019FE791A8A1463007D5A09 /* RelocationManagerHelper */;
			targetProxy = 5019FE8A1A8A1463007D5A09 /* PBXContainerItemProxy */;
		};
		507D52E11A6D0252008F44D1 /* PBXTargetDependency */ = {
			isa = PBXTargetDependency;
			target = 507D52CB1A6D0252008F44D1 /* RelocationManager */;
			targetProxy = 507D52E01A6D0252008F44D1 /* PBXContainerItemProxy */;
		};
		507D52FE1A6D02C2008F44D1 /* PBXTargetDependency */ = {
			isa = PBXTargetDependency;
			target = 507D52F21A6D02C2008F44D1 /* RelocationManagerService */;
			targetProxy = 507D52FD1A6D02C2008F44D1 /* PBXContainerItemProxy */;
		};
		50ABEA9B1A9B21E600E573E5 /* PBXTargetDependency */ = {
			isa = PBXTargetDependency;
			target = 50ABEA891A9B21E600E573E5 /* RelocationManagerServiceDomain */;
			targetProxy = 50ABEA9A1A9B21E600E573E5 /* PBXContainerItemProxy */;
		};
/* End PBXTargetDependency section */

/* Begin PBXVariantGroup section */
		5019FE821A8A1463007D5A09 /* MainMenu.xib */ = {
			isa = PBXVariantGroup;
			children = (
				5019FE831A8A1463007D5A09 /* Base */,
			);
			name = MainMenu.xib;
			sourceTree = "<group>";
		};
		507D52D81A6D0252008F44D1 /* MainMenu.xib */ = {
			isa = PBXVariantGroup;
			children = (
				507D52D91A6D0252008F44D1 /* Base */,
			);
			name = MainMenu.xib;
			sourceTree = "<group>";
		};
/* End PBXVariantGroup section */

/* Begin XCBuildConfiguration section */
		5019FE911A8A1463007D5A09 /* Debug */ = {
			isa = XCBuildConfiguration;
			buildSettings = {
				ASSETCATALOG_COMPILER_APPICON_NAME = AppIcon;
				COMBINE_HIDPI_IMAGES = YES;
				GCC_PREPROCESSOR_DEFINITIONS = (
					"DEBUG=1",
					"$(inherited)",
				);
				INFOPLIST_FILE = RelocationManagerHelper/Info.plist;
				LD_RUNPATH_SEARCH_PATHS = "$(inherited) @executable_path/../Frameworks";
				PRODUCT_NAME = "$(TARGET_NAME)";
			};
			name = Debug;
		};
		5019FE921A8A1463007D5A09 /* Release */ = {
			isa = XCBuildConfiguration;
			buildSettings = {
				ASSETCATALOG_COMPILER_APPICON_NAME = AppIcon;
				COMBINE_HIDPI_IMAGES = YES;
				INFOPLIST_FILE = RelocationManagerHelper/Info.plist;
				LD_RUNPATH_SEARCH_PATHS = "$(inherited) @executable_path/../Frameworks";
				PRODUCT_NAME = "$(TARGET_NAME)";
			};
			name = Release;
		};
		5019FE931A8A1463007D5A09 /* Debug */ = {
			isa = XCBuildConfiguration;
			buildSettings = {
				BUNDLE_LOADER = "$(TEST_HOST)";
				COMBINE_HIDPI_IMAGES = YES;
				FRAMEWORK_SEARCH_PATHS = (
					"$(DEVELOPER_FRAMEWORKS_DIR)",
					"$(inherited)",
				);
				GCC_PREPROCESSOR_DEFINITIONS = (
					"DEBUG=1",
					"$(inherited)",
				);
				INFOPLIST_FILE = RelocationManagerHelperTests/Info.plist;
				LD_RUNPATH_SEARCH_PATHS = "$(inherited) @executable_path/../Frameworks @loader_path/../Frameworks";
				PRODUCT_NAME = "$(TARGET_NAME)";
				TEST_HOST = "$(BUILT_PRODUCTS_DIR)/RelocationManagerHelper.app/Contents/MacOS/RelocationManagerHelper";
			};
			name = Debug;
		};
		5019FE941A8A1463007D5A09 /* Release */ = {
			isa = XCBuildConfiguration;
			buildSettings = {
				BUNDLE_LOADER = "$(TEST_HOST)";
				COMBINE_HIDPI_IMAGES = YES;
				FRAMEWORK_SEARCH_PATHS = (
					"$(DEVELOPER_FRAMEWORKS_DIR)",
					"$(inherited)",
				);
				INFOPLIST_FILE = RelocationManagerHelperTests/Info.plist;
				LD_RUNPATH_SEARCH_PATHS = "$(inherited) @executable_path/../Frameworks @loader_path/../Frameworks";
				PRODUCT_NAME = "$(TARGET_NAME)";
				TEST_HOST = "$(BUILT_PRODUCTS_DIR)/RelocationManagerHelper.app/Contents/MacOS/RelocationManagerHelper";
			};
			name = Release;
		};
		507D52E71A6D0252008F44D1 /* Debug */ = {
			isa = XCBuildConfiguration;
			buildSettings = {
				ALWAYS_SEARCH_USER_PATHS = NO;
				CLANG_CXX_LANGUAGE_STANDARD = "gnu++0x";
				CLANG_CXX_LIBRARY = "libc++";
				CLANG_ENABLE_MODULES = YES;
				CLANG_ENABLE_OBJC_ARC = YES;
				CLANG_WARN_BOOL_CONVERSION = YES;
				CLANG_WARN_CONSTANT_CONVERSION = YES;
				CLANG_WARN_DIRECT_OBJC_ISA_USAGE = YES_ERROR;
				CLANG_WARN_EMPTY_BODY = YES;
				CLANG_WARN_ENUM_CONVERSION = YES;
				CLANG_WARN_INT_CONVERSION = YES;
				CLANG_WARN_OBJC_ROOT_CLASS = YES_ERROR;
				CLANG_WARN_UNREACHABLE_CODE = YES;
				CLANG_WARN__DUPLICATE_METHOD_MATCH = YES;
				CODE_SIGN_IDENTITY = "-";
				COPY_PHASE_STRIP = NO;
				ENABLE_STRICT_OBJC_MSGSEND = YES;
				GCC_C_LANGUAGE_STANDARD = gnu99;
				GCC_DYNAMIC_NO_PIC = NO;
				GCC_OPTIMIZATION_LEVEL = 0;
				GCC_PREPROCESSOR_DEFINITIONS = (
					"DEBUG=1",
					"$(inherited)",
				);
				GCC_SYMBOLS_PRIVATE_EXTERN = NO;
				GCC_WARN_64_TO_32_BIT_CONVERSION = YES;
				GCC_WARN_ABOUT_RETURN_TYPE = YES_ERROR;
				GCC_WARN_UNDECLARED_SELECTOR = YES;
				GCC_WARN_UNINITIALIZED_AUTOS = YES_AGGRESSIVE;
				GCC_WARN_UNUSED_FUNCTION = YES;
				GCC_WARN_UNUSED_VARIABLE = YES;
				MACOSX_DEPLOYMENT_TARGET = 10.10;
				MTL_ENABLE_DEBUG_INFO = YES;
				ONLY_ACTIVE_ARCH = YES;
				SDKROOT = macosx;
				SWIFT_OPTIMIZATION_LEVEL = "-Onone";
			};
			name = Debug;
		};
		507D52E81A6D0252008F44D1 /* Release */ = {
			isa = XCBuildConfiguration;
			buildSettings = {
				ALWAYS_SEARCH_USER_PATHS = NO;
				CLANG_CXX_LANGUAGE_STANDARD = "gnu++0x";
				CLANG_CXX_LIBRARY = "libc++";
				CLANG_ENABLE_MODULES = YES;
				CLANG_ENABLE_OBJC_ARC = YES;
				CLANG_WARN_BOOL_CONVERSION = YES;
				CLANG_WARN_CONSTANT_CONVERSION = YES;
				CLANG_WARN_DIRECT_OBJC_ISA_USAGE = YES_ERROR;
				CLANG_WARN_EMPTY_BODY = YES;
				CLANG_WARN_ENUM_CONVERSION = YES;
				CLANG_WARN_INT_CONVERSION = YES;
				CLANG_WARN_OBJC_ROOT_CLASS = YES_ERROR;
				CLANG_WARN_UNREACHABLE_CODE = YES;
				CLANG_WARN__DUPLICATE_METHOD_MATCH = YES;
				CODE_SIGN_IDENTITY = "-";
				COPY_PHASE_STRIP = YES;
				DEBUG_INFORMATION_FORMAT = "dwarf-with-dsym";
				ENABLE_NS_ASSERTIONS = NO;
				ENABLE_STRICT_OBJC_MSGSEND = YES;
				GCC_C_LANGUAGE_STANDARD = gnu99;
				GCC_WARN_64_TO_32_BIT_CONVERSION = YES;
				GCC_WARN_ABOUT_RETURN_TYPE = YES_ERROR;
				GCC_WARN_UNDECLARED_SELECTOR = YES;
				GCC_WARN_UNINITIALIZED_AUTOS = YES_AGGRESSIVE;
				GCC_WARN_UNUSED_FUNCTION = YES;
				GCC_WARN_UNUSED_VARIABLE = YES;
				MACOSX_DEPLOYMENT_TARGET = 10.10;
				MTL_ENABLE_DEBUG_INFO = NO;
				SDKROOT = macosx;
			};
			name = Release;
		};
		507D52EA1A6D0252008F44D1 /* Debug */ = {
			isa = XCBuildConfiguration;
			buildSettings = {
				ASSETCATALOG_COMPILER_APPICON_NAME = AppIcon;
				CLANG_ENABLE_MODULES = YES;
				CODE_SIGN_ENTITLEMENTS = RelocationManager/RelocationManager.entitlements;
				CODE_SIGN_IDENTITY = "Mac Developer";
				"CODE_SIGN_IDENTITY[sdk=macosx*]" = "Mac Developer";
				COMBINE_HIDPI_IMAGES = YES;
				INFOPLIST_FILE = RelocationManager/Info.plist;
				LD_RUNPATH_SEARCH_PATHS = "$(inherited) @executable_path/../Frameworks";
				PRODUCT_NAME = "$(TARGET_NAME)";
				PROVISIONING_PROFILE = "";
				SWIFT_OBJC_BRIDGING_HEADER = "";
				SWIFT_OPTIMIZATION_LEVEL = "-Onone";
			};
			name = Debug;
		};
		507D52EB1A6D0252008F44D1 /* Release */ = {
			isa = XCBuildConfiguration;
			buildSettings = {
				ASSETCATALOG_COMPILER_APPICON_NAME = AppIcon;
				CLANG_ENABLE_MODULES = YES;
				CODE_SIGN_ENTITLEMENTS = RelocationManager/RelocationManager.entitlements;
				CODE_SIGN_IDENTITY = "Mac Developer";
				"CODE_SIGN_IDENTITY[sdk=macosx*]" = "Mac Developer";
				COMBINE_HIDPI_IMAGES = YES;
				INFOPLIST_FILE = RelocationManager/Info.plist;
				LD_RUNPATH_SEARCH_PATHS = "$(inherited) @executable_path/../Frameworks";
				PRODUCT_NAME = "$(TARGET_NAME)";
				PROVISIONING_PROFILE = "";
				SWIFT_OBJC_BRIDGING_HEADER = "";
			};
			name = Release;
		};
		507D52ED1A6D0252008F44D1 /* Debug */ = {
			isa = XCBuildConfiguration;
			buildSettings = {
				BUNDLE_LOADER = "$(TEST_HOST)";
				CLANG_ENABLE_MODULES = YES;
				COMBINE_HIDPI_IMAGES = YES;
				FRAMEWORK_SEARCH_PATHS = (
					"$(DEVELOPER_FRAMEWORKS_DIR)",
					"$(inherited)",
				);
				GCC_PREPROCESSOR_DEFINITIONS = (
					"DEBUG=1",
					"$(inherited)",
				);
				INFOPLIST_FILE = RelocationManagerTests/Info.plist;
				LD_RUNPATH_SEARCH_PATHS = "$(inherited) @executable_path/../Frameworks @loader_path/../Frameworks";
				PRODUCT_NAME = "$(TARGET_NAME)";
				SWIFT_OBJC_BRIDGING_HEADER = "RelocationManagerTests/RelocationManagerTests-Bridging-Header.h";
				SWIFT_OPTIMIZATION_LEVEL = "-Onone";
				TEST_HOST = "$(BUILT_PRODUCTS_DIR)/RelocationManager.app/Contents/MacOS/RelocationManager";
			};
			name = Debug;
		};
		507D52EE1A6D0252008F44D1 /* Release */ = {
			isa = XCBuildConfiguration;
			buildSettings = {
				BUNDLE_LOADER = "$(TEST_HOST)";
				CLANG_ENABLE_MODULES = YES;
				COMBINE_HIDPI_IMAGES = YES;
				FRAMEWORK_SEARCH_PATHS = (
					"$(DEVELOPER_FRAMEWORKS_DIR)",
					"$(inherited)",
				);
				INFOPLIST_FILE = RelocationManagerTests/Info.plist;
				LD_RUNPATH_SEARCH_PATHS = "$(inherited) @executable_path/../Frameworks @loader_path/../Frameworks";
				PRODUCT_NAME = "$(TARGET_NAME)";
				SWIFT_OBJC_BRIDGING_HEADER = "RelocationManagerTests/RelocationManagerTests-Bridging-Header.h";
				TEST_HOST = "$(BUILT_PRODUCTS_DIR)/RelocationManager.app/Contents/MacOS/RelocationManager";
			};
			name = Release;
		};
		507D53001A6D02C2008F44D1 /* Debug */ = {
			isa = XCBuildConfiguration;
			buildSettings = {
				CLANG_ENABLE_MODULES = YES;
				CODE_SIGN_ENTITLEMENTS = RelocationManagerService/RelocationManagerService.entitlements;
				CODE_SIGN_IDENTITY = "Mac Developer";
				"CODE_SIGN_IDENTITY[sdk=macosx*]" = "Mac Developer";
				COMBINE_HIDPI_IMAGES = YES;
				EMBEDDED_CONTENT_CONTAINS_SWIFT = YES;
				GCC_PREPROCESSOR_DEFINITIONS = (
					"DEBUG=1",
					"$(inherited)",
				);
				INFOPLIST_FILE = RelocationManagerService/Info.plist;
				LD_RUNPATH_SEARCH_PATHS = "$(inherited) @executable_path/../Frameworks @loader_path/../Frameworks";
				LIBRARY_SEARCH_PATHS = "";
				PRODUCT_NAME = FRMDA3XRGC.de.christiantietze.relocman.Service;
				PROVISIONING_PROFILE = "";
				SKIP_INSTALL = YES;
				SWIFT_OBJC_BRIDGING_HEADER = "";
				SWIFT_OPTIMIZATION_LEVEL = "-Onone";
				WRAPPER_EXTENSION = app;
			};
			name = Debug;
		};
		507D53011A6D02C2008F44D1 /* Release */ = {
			isa = XCBuildConfiguration;
			buildSettings = {
				CLANG_ENABLE_MODULES = YES;
				CODE_SIGN_ENTITLEMENTS = RelocationManagerService/RelocationManagerService.entitlements;
				CODE_SIGN_IDENTITY = "Mac Developer";
				"CODE_SIGN_IDENTITY[sdk=macosx*]" = "Mac Developer";
				COMBINE_HIDPI_IMAGES = YES;
				EMBEDDED_CONTENT_CONTAINS_SWIFT = YES;
				INFOPLIST_FILE = RelocationManagerService/Info.plist;
				LD_RUNPATH_SEARCH_PATHS = "$(inherited) @executable_path/../Frameworks @loader_path/../Frameworks";
				LIBRARY_SEARCH_PATHS = "";
				PRODUCT_NAME = FRMDA3XRGC.de.christiantietze.relocman.Service;
				PROVISIONING_PROFILE = "";
				SKIP_INSTALL = YES;
				SWIFT_OBJC_BRIDGING_HEADER = "";
				WRAPPER_EXTENSION = app;
			};
			name = Release;
		};
		50ABEAA21A9B21E600E573E5 /* Debug */ = {
			isa = XCBuildConfiguration;
			buildSettings = {
				ASSETCATALOG_COMPILER_APPICON_NAME = AppIcon;
				COMBINE_HIDPI_IMAGES = YES;
				GCC_PREPROCESSOR_DEFINITIONS = (
					"DEBUG=1",
					"$(inherited)",
				);
				INFOPLIST_FILE = RelocationManagerServiceDomain/Info.plist;
				LD_RUNPATH_SEARCH_PATHS = "$(inherited) @executable_path/../Frameworks";
				PRODUCT_NAME = "$(TARGET_NAME)";
			};
			name = Debug;
		};
		50ABEAA31A9B21E600E573E5 /* Release */ = {
			isa = XCBuildConfiguration;
			buildSettings = {
				ASSETCATALOG_COMPILER_APPICON_NAME = AppIcon;
				COMBINE_HIDPI_IMAGES = YES;
				INFOPLIST_FILE = RelocationManagerServiceDomain/Info.plist;
				LD_RUNPATH_SEARCH_PATHS = "$(inherited) @executable_path/../Frameworks";
				PRODUCT_NAME = "$(TARGET_NAME)";
			};
			name = Release;
		};
		50ABEAA51A9B21E600E573E5 /* Debug */ = {
			isa = XCBuildConfiguration;
			buildSettings = {
				BUNDLE_LOADER = "$(TEST_HOST)";
				CLANG_ENABLE_MODULES = YES;
				COMBINE_HIDPI_IMAGES = YES;
				FRAMEWORK_SEARCH_PATHS = (
					"$(DEVELOPER_FRAMEWORKS_DIR)",
					"$(inherited)",
				);
				GCC_PREPROCESSOR_DEFINITIONS = (
					"DEBUG=1",
					"$(inherited)",
				);
				INFOPLIST_FILE = RelocationManagerServiceDomainTests/Info.plist;
				LD_RUNPATH_SEARCH_PATHS = "$(inherited) @executable_path/../Frameworks @loader_path/../Frameworks";
				PRODUCT_NAME = "$(TARGET_NAME)";
				SWIFT_OPTIMIZATION_LEVEL = "-Onone";
				TEST_HOST = "$(BUILT_PRODUCTS_DIR)/RelocationManagerServiceDomain.app/Contents/MacOS/RelocationManagerServiceDomain";
			};
			name = Debug;
		};
		50ABEAA61A9B21E600E573E5 /* Release */ = {
			isa = XCBuildConfiguration;
			buildSettings = {
				BUNDLE_LOADER = "$(TEST_HOST)";
				CLANG_ENABLE_MODULES = YES;
				COMBINE_HIDPI_IMAGES = YES;
				FRAMEWORK_SEARCH_PATHS = (
					"$(DEVELOPER_FRAMEWORKS_DIR)",
					"$(inherited)",
				);
				INFOPLIST_FILE = RelocationManagerServiceDomainTests/Info.plist;
				LD_RUNPATH_SEARCH_PATHS = "$(inherited) @executable_path/../Frameworks @loader_path/../Frameworks";
				PRODUCT_NAME = "$(TARGET_NAME)";
				SWIFT_OBJC_BRIDGING_HEADER = "RelocationManagerServiceDomainTests/RelocationManagerServiceDomainTests-Bridging-Header.h";
				TEST_HOST = "$(BUILT_PRODUCTS_DIR)/RelocationManagerServiceDomain.app/Contents/MacOS/RelocationManagerServiceDomain";
			};
			name = Release;
		};
/* End XCBuildConfiguration section */

/* Begin XCConfigurationList section */
		5019FE951A8A1463007D5A09 /* Build configuration list for PBXNativeTarget "RelocationManagerHelper" */ = {
			isa = XCConfigurationList;
			buildConfigurations = (
				5019FE911A8A1463007D5A09 /* Debug */,
				5019FE921A8A1463007D5A09 /* Release */,
			);
			defaultConfigurationIsVisible = 0;
			defaultConfigurationName = Release;
		};
		5019FE961A8A1463007D5A09 /* Build configuration list for PBXNativeTarget "RelocationManagerHelperTests" */ = {
			isa = XCConfigurationList;
			buildConfigurations = (
				5019FE931A8A1463007D5A09 /* Debug */,
				5019FE941A8A1463007D5A09 /* Release */,
			);
			defaultConfigurationIsVisible = 0;
			defaultConfigurationName = Release;
		};
		507D52C71A6D0252008F44D1 /* Build configuration list for PBXProject "RelocationManager" */ = {
			isa = XCConfigurationList;
			buildConfigurations = (
				507D52E71A6D0252008F44D1 /* Debug */,
				507D52E81A6D0252008F44D1 /* Release */,
			);
			defaultConfigurationIsVisible = 0;
			defaultConfigurationName = Release;
		};
		507D52E91A6D0252008F44D1 /* Build configuration list for PBXNativeTarget "RelocationManager" */ = {
			isa = XCConfigurationList;
			buildConfigurations = (
				507D52EA1A6D0252008F44D1 /* Debug */,
				507D52EB1A6D0252008F44D1 /* Release */,
			);
			defaultConfigurationIsVisible = 0;
			defaultConfigurationName = Release;
		};
		507D52EC1A6D0252008F44D1 /* Build configuration list for PBXNativeTarget "RelocationManagerTests" */ = {
			isa = XCConfigurationList;
			buildConfigurations = (
				507D52ED1A6D0252008F44D1 /* Debug */,
				507D52EE1A6D0252008F44D1 /* Release */,
			);
			defaultConfigurationIsVisible = 0;
			defaultConfigurationName = Release;
		};
		507D53021A6D02C2008F44D1 /* Build configuration list for PBXNativeTarget "RelocationManagerService" */ = {
			isa = XCConfigurationList;
			buildConfigurations = (
				507D53001A6D02C2008F44D1 /* Debug */,
				507D53011A6D02C2008F44D1 /* Release */,
			);
			defaultConfigurationIsVisible = 0;
			defaultConfigurationName = Release;
		};
		50ABEAA11A9B21E600E573E5 /* Build configuration list for PBXNativeTarget "RelocationManagerServiceDomain" */ = {
			isa = XCConfigurationList;
			buildConfigurations = (
				50ABEAA21A9B21E600E573E5 /* Debug */,
				50ABEAA31A9B21E600E573E5 /* Release */,
			);
			defaultConfigurationIsVisible = 0;
			defaultConfigurationName = Release;
		};
		50ABEAA41A9B21E600E573E5 /* Build configuration list for PBXNativeTarget "RelocationManagerServiceDomainTests" */ = {
			isa = XCConfigurationList;
			buildConfigurations = (
				50ABEAA51A9B21E600E573E5 /* Debug */,
				50ABEAA61A9B21E600E573E5 /* Release */,
			);
			defaultConfigurationIsVisible = 0;
			defaultConfigurationName = Release;
		};
/* End XCConfigurationList section */
	};
	rootObject = 507D52C41A6D0252008F44D1 /* Project object */;
}
